
Microsoft Visual Studio Solution File, Format Version 12.00
# Visual Studio Version 17
VisualStudioVersion = 17.1.31911.260
MinimumVisualStudioVersion = 10.0.40219.1
Project("{9A19103F-16F7-4668-BE54-9A1E7A4F7556}") = "ApiGateway", "ApiGateway\ApiGateway.csproj", "{77E41D50-1959-40C4-B3F7-3C8A6B4E93A0}"
EndProject
Project("{2150E333-8FDC-42A3-9474-1A3956D46DE8}") = "Services", "Services", "{4A6F18F4-07DD-41CE-9F1F-1F646A4BD5C2}"
EndProject
Project("{2150E333-8FDC-42A3-9474-1A3956D46DE8}") = "Contacts", "Contacts", "{2E6ED568-62D5-4FF5-9095-686574E5C5A3}"
EndProject
Project("{9A19103F-16F7-4668-BE54-9A1E7A4F7556}") = "ContactsAPI", "Services\Contacts\ContactsAPI\ContactsAPI.csproj", "{B9644C5D-0B77-4166-A1D7-0E33FF71B91E}"
EndProject
Project("{E53339B2-1760-4266-BCC7-CA923CBCF16C}") = "docker-compose", "docker-compose.dcproj", "{54FC492D-1977-4909-BE66-9283769245B5}"
EndProject
Project("{2150E333-8FDC-42A3-9474-1A3956D46DE8}") = "Reports", "Reports", "{54D166DD-7388-4DF5-AC31-9CD4FAC28CB5}"
EndProject
Project("{9A19103F-16F7-4668-BE54-9A1E7A4F7556}") = "ReportsAPI", "Services\Reports\ReportsAPI\ReportsAPI.csproj", "{D1A538D6-522A-4121-BDE2-0E838981CE49}"
EndProject
Project("{2150E333-8FDC-42A3-9474-1A3956D46DE8}") = "Shareds", "Shareds", "{341C4407-4331-465E-8DAF-E8E3BE5E91BD}"
EndProject
Project("{9A19103F-16F7-4668-BE54-9A1E7A4F7556}") = "SharedLibrary", "Services\Shareds\SharedLibrary\SharedLibrary.csproj", "{6B087BF0-3D22-4762-9FAF-E1B42CA1B7E0}"
EndProject
Project("{2150E333-8FDC-42A3-9474-1A3956D46DE8}") = "TestProjects", "TestProjects", "{F4CF1BA4-1D1E-469F-AA36-813AF63CEA17}"
EndProject
Project("{2150E333-8FDC-42A3-9474-1A3956D46DE8}") = "Controllers", "Controllers", "{7D6C770D-5DE4-422C-9A10-F722862FED8A}"
EndProject
Project("{9A19103F-16F7-4668-BE54-9A1E7A4F7556}") = "ContactsAPI.Test", "TestProjects\Controllers\ContactsAPI.Test\ContactsAPI.Test.csproj", "{8B4A02DC-B7B3-4DD1-B4DF-826236AB9CE9}"
EndProject
Project("{9A19103F-16F7-4668-BE54-9A1E7A4F7556}") = "ContactsDetailsAPI.Test", "TestProjects\Controllers\ContactsDetailsAPI.Test\ContactsDetailsAPI.Test.csproj", "{AEBC1A70-8990-40E2-8870-F8AE8D226DE0}"
EndProject
Project("{FAE04EC0-301F-11D3-BF4B-00C04F79EFBC}") = "ReportsAPI.Test", "TestProjects\Controllers\ReportsAPI.Test\ReportsAPI.Test.csproj", "{E9A2E988-F28C-4878-A047-F3C167A6A47D}"
EndProject
Project("{2150E333-8FDC-42A3-9474-1A3956D46DE8}") = "MediatorRequestHandlers", "MediatorRequestHandlers", "{C7E20B4E-3AAE-4048-B791-F4AC3DDC6B05}"
EndProject
Project("{FAE04EC0-301F-11D3-BF4B-00C04F79EFBC}") = "CreateContactDetailHandler.Test", "TestProjects\MediatorRequestHandlers\CreateContactDetailHandler.Test\CreateContactDetailHandler.Test.csproj", "{B06CEDC6-FE78-4B89-98D0-EB8EAC9DA8D3}"
EndProject
Global
	GlobalSection(SolutionConfigurationPlatforms) = preSolution
		Debug|Any CPU = Debug|Any CPU
		Release|Any CPU = Release|Any CPU
	EndGlobalSection
	GlobalSection(ProjectConfigurationPlatforms) = postSolution
		{77E41D50-1959-40C4-B3F7-3C8A6B4E93A0}.Debug|Any CPU.ActiveCfg = Debug|Any CPU
		{77E41D50-1959-40C4-B3F7-3C8A6B4E93A0}.Debug|Any CPU.Build.0 = Debug|Any CPU
		{77E41D50-1959-40C4-B3F7-3C8A6B4E93A0}.Release|Any CPU.ActiveCfg = Release|Any CPU
		{77E41D50-1959-40C4-B3F7-3C8A6B4E93A0}.Release|Any CPU.Build.0 = Release|Any CPU
		{B9644C5D-0B77-4166-A1D7-0E33FF71B91E}.Debug|Any CPU.ActiveCfg = Debug|Any CPU
		{B9644C5D-0B77-4166-A1D7-0E33FF71B91E}.Debug|Any CPU.Build.0 = Debug|Any CPU
		{B9644C5D-0B77-4166-A1D7-0E33FF71B91E}.Release|Any CPU.ActiveCfg = Release|Any CPU
		{B9644C5D-0B77-4166-A1D7-0E33FF71B91E}.Release|Any CPU.Build.0 = Release|Any CPU
		{54FC492D-1977-4909-BE66-9283769245B5}.Debug|Any CPU.ActiveCfg = Debug|Any CPU
		{54FC492D-1977-4909-BE66-9283769245B5}.Debug|Any CPU.Build.0 = Debug|Any CPU
		{54FC492D-1977-4909-BE66-9283769245B5}.Release|Any CPU.ActiveCfg = Release|Any CPU
		{54FC492D-1977-4909-BE66-9283769245B5}.Release|Any CPU.Build.0 = Release|Any CPU
		{D1A538D6-522A-4121-BDE2-0E838981CE49}.Debug|Any CPU.ActiveCfg = Debug|Any CPU
		{D1A538D6-522A-4121-BDE2-0E838981CE49}.Debug|Any CPU.Build.0 = Debug|Any CPU
		{D1A538D6-522A-4121-BDE2-0E838981CE49}.Release|Any CPU.ActiveCfg = Release|Any CPU
		{D1A538D6-522A-4121-BDE2-0E838981CE49}.Release|Any CPU.Build.0 = Release|Any CPU
		{6B087BF0-3D22-4762-9FAF-E1B42CA1B7E0}.Debug|Any CPU.ActiveCfg = Debug|Any CPU
		{6B087BF0-3D22-4762-9FAF-E1B42CA1B7E0}.Debug|Any CPU.Build.0 = Debug|Any CPU
		{6B087BF0-3D22-4762-9FAF-E1B42CA1B7E0}.Release|Any CPU.ActiveCfg = Release|Any CPU
		{6B087BF0-3D22-4762-9FAF-E1B42CA1B7E0}.Release|Any CPU.Build.0 = Release|Any CPU
		{8B4A02DC-B7B3-4DD1-B4DF-826236AB9CE9}.Debug|Any CPU.ActiveCfg = Debug|Any CPU
		{8B4A02DC-B7B3-4DD1-B4DF-826236AB9CE9}.Debug|Any CPU.Build.0 = Debug|Any CPU
		{8B4A02DC-B7B3-4DD1-B4DF-826236AB9CE9}.Release|Any CPU.ActiveCfg = Release|Any CPU
		{8B4A02DC-B7B3-4DD1-B4DF-826236AB9CE9}.Release|Any CPU.Build.0 = Release|Any CPU
		{AEBC1A70-8990-40E2-8870-F8AE8D226DE0}.Debug|Any CPU.ActiveCfg = Debug|Any CPU
		{AEBC1A70-8990-40E2-8870-F8AE8D226DE0}.Debug|Any CPU.Build.0 = Debug|Any CPU
		{AEBC1A70-8990-40E2-8870-F8AE8D226DE0}.Release|Any CPU.ActiveCfg = Release|Any CPU
		{AEBC1A70-8990-40E2-8870-F8AE8D226DE0}.Release|Any CPU.Build.0 = Release|Any CPU
		{E9A2E988-F28C-4878-A047-F3C167A6A47D}.Debug|Any CPU.ActiveCfg = Debug|Any CPU
		{E9A2E988-F28C-4878-A047-F3C167A6A47D}.Debug|Any CPU.Build.0 = Debug|Any CPU
		{E9A2E988-F28C-4878-A047-F3C167A6A47D}.Release|Any CPU.ActiveCfg = Release|Any CPU
		{E9A2E988-F28C-4878-A047-F3C167A6A47D}.Release|Any CPU.Build.0 = Release|Any CPU
		{B06CEDC6-FE78-4B89-98D0-EB8EAC9DA8D3}.Debug|Any CPU.ActiveCfg = Debug|Any CPU
		{B06CEDC6-FE78-4B89-98D0-EB8EAC9DA8D3}.Debug|Any CPU.Build.0 = Debug|Any CPU
		{B06CEDC6-FE78-4B89-98D0-EB8EAC9DA8D3}.Release|Any CPU.ActiveCfg = Release|Any CPU
		{B06CEDC6-FE78-4B89-98D0-EB8EAC9DA8D3}.Release|Any CPU.Build.0 = Release|Any CPU
	EndGlobalSection
	GlobalSection(SolutionProperties) = preSolution
		HideSolutionNode = FALSE
	EndGlobalSection
	GlobalSection(NestedProjects) = preSolution
		{2E6ED568-62D5-4FF5-9095-686574E5C5A3} = {4A6F18F4-07DD-41CE-9F1F-1F646A4BD5C2}
		{B9644C5D-0B77-4166-A1D7-0E33FF71B91E} = {2E6ED568-62D5-4FF5-9095-686574E5C5A3}
		{54D166DD-7388-4DF5-AC31-9CD4FAC28CB5} = {4A6F18F4-07DD-41CE-9F1F-1F646A4BD5C2}
		{D1A538D6-522A-4121-BDE2-0E838981CE49} = {54D166DD-7388-4DF5-AC31-9CD4FAC28CB5}
		{341C4407-4331-465E-8DAF-E8E3BE5E91BD} = {4A6F18F4-07DD-41CE-9F1F-1F646A4BD5C2}
		{6B087BF0-3D22-4762-9FAF-E1B42CA1B7E0} = {341C4407-4331-465E-8DAF-E8E3BE5E91BD}
		{7D6C770D-5DE4-422C-9A10-F722862FED8A} = {F4CF1BA4-1D1E-469F-AA36-813AF63CEA17}
		{8B4A02DC-B7B3-4DD1-B4DF-826236AB9CE9} = {7D6C770D-5DE4-422C-9A10-F722862FED8A}
		{AEBC1A70-8990-40E2-8870-F8AE8D226DE0} = {7D6C770D-5DE4-422C-9A10-F722862FED8A}
		{E9A2E988-F28C-4878-A047-F3C167A6A47D} = {7D6C770D-5DE4-422C-9A10-F722862FED8A}
		{C7E20B4E-3AAE-4048-B791-F4AC3DDC6B05} = {F4CF1BA4-1D1E-469F-AA36-813AF63CEA17}
		{B06CEDC6-FE78-4B89-98D0-EB8EAC9DA8D3} = {C7E20B4E-3AAE-4048-B791-F4AC3DDC6B05}
	EndGlobalSection
	GlobalSection(ExtensibilityGlobals) = postSolution
		SolutionGuid = {06D8BBD1-508A-407D-BC42-70A0156F7AA1}
	EndGlobalSection
EndGlobal
