
Microsoft Visual Studio Solution File, Format Version 12.00
# Visual Studio Version 17
VisualStudioVersion = 17.1.31911.260
MinimumVisualStudioVersion = 10.0.40219.1
Project("{9A19103F-16F7-4668-BE54-9A1E7A4F7556}") = "ApiGateway", "ApiGateway\ApiGateway.csproj", "{77E41D50-1959-40C4-B3F7-3C8A6B4E93A0}"
EndProject
Project("{2150E333-8FDC-42A3-9474-1A3956D46DE8}") = "Services", "Services", "{4A6F18F4-07DD-41CE-9F1F-1F646A4BD5C2}"
EndProject
Project("{2150E333-8FDC-42A3-9474-1A3956D46DE8}") = "Contacts", "Contacts", "{2E6ED568-62D5-4FF5-9095-686574E5C5A3}"
EndProject
Project("{9A19103F-16F7-4668-BE54-9A1E7A4F7556}") = "ContactsAPI", "Services\Contacts\ContactsAPI\ContactsAPI.csproj", "{B9644C5D-0B77-4166-A1D7-0E33FF71B91E}"
EndProject
Project("{E53339B2-1760-4266-BCC7-CA923CBCF16C}") = "docker-compose", "docker-compose.dcproj", "{54FC492D-1977-4909-BE66-9283769245B5}"
EndProject
Project("{2150E333-8FDC-42A3-9474-1A3956D46DE8}") = "Reports", "Reports", "{54D166DD-7388-4DF5-AC31-9CD4FAC28CB5}"
EndProject
Project("{9A19103F-16F7-4668-BE54-9A1E7A4F7556}") = "ReportsAPI", "Services\Reports\ReportsAPI\ReportsAPI.csproj", "{D1A538D6-522A-4121-BDE2-0E838981CE49}"
EndProject
Project("{2150E333-8FDC-42A3-9474-1A3956D46DE8}") = "Shareds", "Shareds", "{341C4407-4331-465E-8DAF-E8E3BE5E91BD}"
EndProject
Project("{9A19103F-16F7-4668-BE54-9A1E7A4F7556}") = "SharedLibrary", "Services\Shareds\SharedLibrary\SharedLibrary.csproj", "{6B087BF0-3D22-4762-9FAF-E1B42CA1B7E0}"
EndProject
Project("{2150E333-8FDC-42A3-9474-1A3956D46DE8}") = "TestProjects", "TestProjects", "{F4CF1BA4-1D1E-469F-AA36-813AF63CEA17}"
EndProject
Project("{2150E333-8FDC-42A3-9474-1A3956D46DE8}") = "Controllers", "Controllers", "{7D6C770D-5DE4-422C-9A10-F722862FED8A}"
EndProject
Global
	GlobalSection(SolutionConfigurationPlatforms) = preSolution
		Debug|Any CPU = Debug|Any CPU
		Release|Any CPU = Release|Any CPU
	EndGlobalSection
	GlobalSection(ProjectConfigurationPlatforms) = postSolution
		{77E41D50-1959-40C4-B3F7-3C8A6B4E93A0}.Debug|Any CPU.ActiveCfg = Debug|Any CPU
		{77E41D50-1959-40C4-B3F7-3C8A6B4E93A0}.Debug|Any CPU.Build.0 = Debug|Any CPU
		{77E41D50-1959-40C4-B3F7-3C8A6B4E93A0}.Release|Any CPU.ActiveCfg = Release|Any CPU
		{77E41D50-1959-40C4-B3F7-3C8A6B4E93A0}.Release|Any CPU.Build.0 = Release|Any CPU
		{B9644C5D-0B77-4166-A1D7-0E33FF71B91E}.Debug|Any CPU.ActiveCfg = Debug|Any CPU
		{B9644C5D-0B77-4166-A1D7-0E33FF71B91E}.Debug|Any CPU.Build.0 = Debug|Any CPU
		{B9644C5D-0B77-4166-A1D7-0E33FF71B91E}.Release|Any CPU.ActiveCfg = Release|Any CPU
		{B9644C5D-0B77-4166-A1D7-0E33FF71B91E}.Release|Any CPU.Build.0 = Release|Any CPU
		{54FC492D-1977-4909-BE66-9283769245B5}.Debug|Any CPU.ActiveCfg = Debug|Any CPU
		{54FC492D-1977-4909-BE66-9283769245B5}.Debug|Any CPU.Build.0 = Debug|Any CPU
		{54FC492D-1977-4909-BE66-9283769245B5}.Release|Any CPU.ActiveCfg = Release|Any CPU
		{54FC492D-1977-4909-BE66-9283769245B5}.Release|Any CPU.Build.0 = Release|Any CPU
		{D1A538D6-522A-4121-BDE2-0E838981CE49}.Debug|Any CPU.ActiveCfg = Debug|Any CPU
		{D1A538D6-522A-4121-BDE2-0E838981CE49}.Debug|Any CPU.Build.0 = Debug|Any CPU
		{D1A538D6-522A-4121-BDE2-0E838981CE49}.Release|Any CPU.ActiveCfg = Release|Any CPU
		{D1A538D6-522A-4121-BDE2-0E838981CE49}.Release|Any CPU.Build.0 = Release|Any CPU
		{6B087BF0-3D22-4762-9FAF-E1B42CA1B7E0}.Debug|Any CPU.ActiveCfg = Debug|Any CPU
		{6B087BF0-3D22-4762-9FAF-E1B42CA1B7E0}.Debug|Any CPU.Build.0 = Debug|Any CPU
		{6B087BF0-3D22-4762-9FAF-E1B42CA1B7E0}.Release|Any CPU.ActiveCfg = Release|Any CPU
		{6B087BF0-3D22-4762-9FAF-E1B42CA1B7E0}.Release|Any CPU.Build.0 = Release|Any CPU
	EndGlobalSection
	GlobalSection(SolutionProperties) = preSolution
		HideSolutionNode = FALSE
	EndGlobalSection
	GlobalSection(NestedProjects) = preSolution
		{2E6ED568-62D5-4FF5-9095-686574E5C5A3} = {4A6F18F4-07DD-41CE-9F1F-1F646A4BD5C2}
		{B9644C5D-0B77-4166-A1D7-0E33FF71B91E} = {2E6ED568-62D5-4FF5-9095-686574E5C5A3}
		{54D166DD-7388-4DF5-AC31-9CD4FAC28CB5} = {4A6F18F4-07DD-41CE-9F1F-1F646A4BD5C2}
		{D1A538D6-522A-4121-BDE2-0E838981CE49} = {54D166DD-7388-4DF5-AC31-9CD4FAC28CB5}
		{341C4407-4331-465E-8DAF-E8E3BE5E91BD} = {4A6F18F4-07DD-41CE-9F1F-1F646A4BD5C2}
		{6B087BF0-3D22-4762-9FAF-E1B42CA1B7E0} = {341C4407-4331-465E-8DAF-E8E3BE5E91BD}
		{7D6C770D-5DE4-422C-9A10-F722862FED8A} = {F4CF1BA4-1D1E-469F-AA36-813AF63CEA17}
	EndGlobalSection
	GlobalSection(ExtensibilityGlobals) = postSolution
		SolutionGuid = {06D8BBD1-508A-407D-BC42-70A0156F7AA1}
	EndGlobalSection
EndGlobal
